
Microsoft Visual Studio Solution File, Format Version 12.00
# Visual Studio Version 17
VisualStudioVersion = 17.11.35327.3
MinimumVisualStudioVersion = 10.0.40219.1
Project("{FAE04EC0-301F-11D3-BF4B-00C04F79EFBC}") = "ConsoleApp1", "ConsoleApp1\ConsoleApp1.csproj", "{664BCA2A-7438-483B-BD1D-346D8DD36E1A}"
EndProject
Project("{FAE04EC0-301F-11D3-BF4B-00C04F79EFBC}") = "ConsoleApp2", "ConsoleApp2\ConsoleApp2.csproj", "{378B6591-0515-48D7-9C0E-D921E42CD926}"
EndProject
Project("{FAE04EC0-301F-11D3-BF4B-00C04F79EFBC}") = "ConsoleApp3", "ConsoleApp3\ConsoleApp3.csproj", "{E4AA963D-09E1-43AE-B486-31E3CE8040D3}"
EndProject
Project("{FAE04EC0-301F-11D3-BF4B-00C04F79EFBC}") = "ConsoleApp4", "ConsoleApp4\ConsoleApp4.csproj", "{048D0FAC-20EA-4D13-AFF8-A9942827E502}"
EndProject
Project("{FAE04EC0-301F-11D3-BF4B-00C04F79EFBC}") = "ConsoleApp5", "ConsoleApp5\ConsoleApp5.csproj", "{E47DF97C-8E28-4D2F-9E89-01F60DDCC388}"
EndProject
Project("{FAE04EC0-301F-11D3-BF4B-00C04F79EFBC}") = "overload", "ConsoleApp6\overload.csproj", "{36FBE398-38BB-4EF4-B163-40583988917A}"
EndProject
Project("{FAE04EC0-301F-11D3-BF4B-00C04F79EFBC}") = "override", "override\override.csproj", "{3E8BDC75-8D56-47D9-A92F-C06A4D2C7F67}"
EndProject
Project("{FAE04EC0-301F-11D3-BF4B-00C04F79EFBC}") = "abstraction", "abstraction\abstraction.csproj", "{D72DF7B2-19A8-4EB5-9E4C-57371614E9BC}"
EndProject
Project("{FAE04EC0-301F-11D3-BF4B-00C04F79EFBC}") = "interface", "interface\interface.csproj", "{D285B975-4A4C-4546-8AAA-BED2E9DDD5BF}"
EndProject
Project("{FAE04EC0-301F-11D3-BF4B-00C04F79EFBC}") = "ConsoleApp7", "ConsoleApp7\ConsoleApp7.csproj", "{B684BD12-13CE-4871-9F1E-4967A164A4FD}"
EndProject
Global
	GlobalSection(SolutionConfigurationPlatforms) = preSolution
		Debug|Any CPU = Debug|Any CPU
		Release|Any CPU = Release|Any CPU
	EndGlobalSection
	GlobalSection(ProjectConfigurationPlatforms) = postSolution
		{664BCA2A-7438-483B-BD1D-346D8DD36E1A}.Debug|Any CPU.ActiveCfg = Debug|Any CPU
		{664BCA2A-7438-483B-BD1D-346D8DD36E1A}.Debug|Any CPU.Build.0 = Debug|Any CPU
		{664BCA2A-7438-483B-BD1D-346D8DD36E1A}.Release|Any CPU.ActiveCfg = Release|Any CPU
		{664BCA2A-7438-483B-BD1D-346D8DD36E1A}.Release|Any CPU.Build.0 = Release|Any CPU
		{378B6591-0515-48D7-9C0E-D921E42CD926}.Debug|Any CPU.ActiveCfg = Debug|Any CPU
		{378B6591-0515-48D7-9C0E-D921E42CD926}.Debug|Any CPU.Build.0 = Debug|Any CPU
		{378B6591-0515-48D7-9C0E-D921E42CD926}.Release|Any CPU.ActiveCfg = Release|Any CPU
		{378B6591-0515-48D7-9C0E-D921E42CD926}.Release|Any CPU.Build.0 = Release|Any CPU
		{E4AA963D-09E1-43AE-B486-31E3CE8040D3}.Debug|Any CPU.ActiveCfg = Debug|Any CPU
		{E4AA963D-09E1-43AE-B486-31E3CE8040D3}.Debug|Any CPU.Build.0 = Debug|Any CPU
		{E4AA963D-09E1-43AE-B486-31E3CE8040D3}.Release|Any CPU.ActiveCfg = Release|Any CPU
		{E4AA963D-09E1-43AE-B486-31E3CE8040D3}.Release|Any CPU.Build.0 = Release|Any CPU
		{048D0FAC-20EA-4D13-AFF8-A9942827E502}.Debug|Any CPU.ActiveCfg = Debug|Any CPU
		{048D0FAC-20EA-4D13-AFF8-A9942827E502}.Debug|Any CPU.Build.0 = Debug|Any CPU
		{048D0FAC-20EA-4D13-AFF8-A9942827E502}.Release|Any CPU.ActiveCfg = Release|Any CPU
		{048D0FAC-20EA-4D13-AFF8-A9942827E502}.Release|Any CPU.Build.0 = Release|Any CPU
		{E47DF97C-8E28-4D2F-9E89-01F60DDCC388}.Debug|Any CPU.ActiveCfg = Debug|Any CPU
		{E47DF97C-8E28-4D2F-9E89-01F60DDCC388}.Debug|Any CPU.Build.0 = Debug|Any CPU
		{E47DF97C-8E28-4D2F-9E89-01F60DDCC388}.Release|Any CPU.ActiveCfg = Release|Any CPU
		{E47DF97C-8E28-4D2F-9E89-01F60DDCC388}.Release|Any CPU.Build.0 = Release|Any CPU
		{36FBE398-38BB-4EF4-B163-40583988917A}.Debug|Any CPU.ActiveCfg = Debug|Any CPU
		{36FBE398-38BB-4EF4-B163-40583988917A}.Debug|Any CPU.Build.0 = Debug|Any CPU
		{36FBE398-38BB-4EF4-B163-40583988917A}.Release|Any CPU.ActiveCfg = Release|Any CPU
		{36FBE398-38BB-4EF4-B163-40583988917A}.Release|Any CPU.Build.0 = Release|Any CPU
		{3E8BDC75-8D56-47D9-A92F-C06A4D2C7F67}.Debug|Any CPU.ActiveCfg = Debug|Any CPU
		{3E8BDC75-8D56-47D9-A92F-C06A4D2C7F67}.Debug|Any CPU.Build.0 = Debug|Any CPU
		{3E8BDC75-8D56-47D9-A92F-C06A4D2C7F67}.Release|Any CPU.ActiveCfg = Release|Any CPU
		{3E8BDC75-8D56-47D9-A92F-C06A4D2C7F67}.Release|Any CPU.Build.0 = Release|Any CPU
		{D72DF7B2-19A8-4EB5-9E4C-57371614E9BC}.Debug|Any CPU.ActiveCfg = Debug|Any CPU
		{D72DF7B2-19A8-4EB5-9E4C-57371614E9BC}.Debug|Any CPU.Build.0 = Debug|Any CPU
		{D72DF7B2-19A8-4EB5-9E4C-57371614E9BC}.Release|Any CPU.ActiveCfg = Release|Any CPU
		{D72DF7B2-19A8-4EB5-9E4C-57371614E9BC}.Release|Any CPU.Build.0 = Release|Any CPU
		{D285B975-4A4C-4546-8AAA-BED2E9DDD5BF}.Debug|Any CPU.ActiveCfg = Debug|Any CPU
		{D285B975-4A4C-4546-8AAA-BED2E9DDD5BF}.Debug|Any CPU.Build.0 = Debug|Any CPU
		{D285B975-4A4C-4546-8AAA-BED2E9DDD5BF}.Release|Any CPU.ActiveCfg = Release|Any CPU
		{D285B975-4A4C-4546-8AAA-BED2E9DDD5BF}.Release|Any CPU.Build.0 = Release|Any CPU
		{B684BD12-13CE-4871-9F1E-4967A164A4FD}.Debug|Any CPU.ActiveCfg = Debug|Any CPU
		{B684BD12-13CE-4871-9F1E-4967A164A4FD}.Debug|Any CPU.Build.0 = Debug|Any CPU
		{B684BD12-13CE-4871-9F1E-4967A164A4FD}.Release|Any CPU.ActiveCfg = Release|Any CPU
		{B684BD12-13CE-4871-9F1E-4967A164A4FD}.Release|Any CPU.Build.0 = Release|Any CPU
	EndGlobalSection
	GlobalSection(SolutionProperties) = preSolution
		HideSolutionNode = FALSE
	EndGlobalSection
	GlobalSection(ExtensibilityGlobals) = postSolution
		SolutionGuid = {7AA85C70-795F-4AA3-AC3B-882D9528DD66}
	EndGlobalSection
EndGlobal
