
Microsoft Visual Studio Solution File, Format Version 12.00
# Visual Studio Version 17
VisualStudioVersion = 17.11.35327.3
MinimumVisualStudioVersion = 10.0.40219.1
Project("{FAE04EC0-301F-11D3-BF4B-00C04F79EFBC}") = "ConsoleApp1", "ConsoleApp1\ConsoleApp1.csproj", "{664BCA2A-7438-483B-BD1D-346D8DD36E1A}"
EndProject
Project("{FAE04EC0-301F-11D3-BF4B-00C04F79EFBC}") = "ConsoleApp2", "ConsoleApp2\ConsoleApp2.csproj", "{378B6591-0515-48D7-9C0E-D921E42CD926}"
EndProject
Project("{FAE04EC0-301F-11D3-BF4B-00C04F79EFBC}") = "ConsoleApp3", "ConsoleApp3\ConsoleApp3.csproj", "{E4AA963D-09E1-43AE-B486-31E3CE8040D3}"
EndProject
Global
	GlobalSection(SolutionConfigurationPlatforms) = preSolution
		Debug|Any CPU = Debug|Any CPU
		Release|Any CPU = Release|Any CPU
	EndGlobalSection
	GlobalSection(ProjectConfigurationPlatforms) = postSolution
		{664BCA2A-7438-483B-BD1D-346D8DD36E1A}.Debug|Any CPU.ActiveCfg = Debug|Any CPU
		{664BCA2A-7438-483B-BD1D-346D8DD36E1A}.Debug|Any CPU.Build.0 = Debug|Any CPU
		{664BCA2A-7438-483B-BD1D-346D8DD36E1A}.Release|Any CPU.ActiveCfg = Release|Any CPU
		{664BCA2A-7438-483B-BD1D-346D8DD36E1A}.Release|Any CPU.Build.0 = Release|Any CPU
		{378B6591-0515-48D7-9C0E-D921E42CD926}.Debug|Any CPU.ActiveCfg = Debug|Any CPU
		{378B6591-0515-48D7-9C0E-D921E42CD926}.Debug|Any CPU.Build.0 = Debug|Any CPU
		{378B6591-0515-48D7-9C0E-D921E42CD926}.Release|Any CPU.ActiveCfg = Release|Any CPU
		{378B6591-0515-48D7-9C0E-D921E42CD926}.Release|Any CPU.Build.0 = Release|Any CPU
		{E4AA963D-09E1-43AE-B486-31E3CE8040D3}.Debug|Any CPU.ActiveCfg = Debug|Any CPU
		{E4AA963D-09E1-43AE-B486-31E3CE8040D3}.Debug|Any CPU.Build.0 = Debug|Any CPU
		{E4AA963D-09E1-43AE-B486-31E3CE8040D3}.Release|Any CPU.ActiveCfg = Release|Any CPU
		{E4AA963D-09E1-43AE-B486-31E3CE8040D3}.Release|Any CPU.Build.0 = Release|Any CPU
	EndGlobalSection
	GlobalSection(SolutionProperties) = preSolution
		HideSolutionNode = FALSE
	EndGlobalSection
	GlobalSection(ExtensibilityGlobals) = postSolution
		SolutionGuid = {7AA85C70-795F-4AA3-AC3B-882D9528DD66}
	EndGlobalSection
EndGlobal
